// !$*UTF8*$!
{
	archiveVersion = 1;
	classes = {
	};
	objectVersion = 77;
	objects = {

/* Begin PBXContainerItemProxy section */
		BC4C65872DE932840032F5DB /* PBXContainerItemProxy */ = {
			isa = PBXContainerItemProxy;
			containerPortal = BC4C656E2DE932820032F5DB /* Project object */;
			proxyType = 1;
			remoteGlobalIDString = BC4C65752DE932820032F5DB;
			remoteInfo = AppIncidencias;
		};
		BC4C65912DE932840032F5DB /* PBXContainerItemProxy */ = {
			isa = PBXContainerItemProxy;
			containerPortal = BC4C656E2DE932820032F5DB /* Project object */;
			proxyType = 1;
			remoteGlobalIDString = BC4C65752DE932820032F5DB;
			remoteInfo = AppIncidencias;
		};
/* End PBXContainerItemProxy section */

/* Begin PBXFileReference section */
		BC4C65762DE932820032F5DB /* AppIncidencias.app */ = {isa = PBXFileReference; explicitFileType = wrapper.application; includeInIndex = 0; path = AppIncidencias.app; sourceTree = BUILT_PRODUCTS_DIR; };
		BC4C65862DE932840032F5DB /* AppIncidenciasTests.xctest */ = {isa = PBXFileReference; explicitFileType = wrapper.cfbundle; includeInIndex = 0; path = AppIncidenciasTests.xctest; sourceTree = BUILT_PRODUCTS_DIR; };
		BC4C65902DE932840032F5DB /* AppIncidenciasUITests.xctest */ = {isa = PBXFileReference; explicitFileType = wrapper.cfbundle; includeInIndex = 0; path = AppIncidenciasUITests.xctest; sourceTree = BUILT_PRODUCTS_DIR; };
/* End PBXFileReference section */

/* Begin PBXFileSystemSynchronizedRootGroup section */
		BC4C65782DE932820032F5DB /* AppIncidencias */ = {
			isa = PBXFileSystemSynchronizedRootGroup;
			path = AppIncidencias;
			sourceTree = "<group>";
		};
		BC4C65892DE932840032F5DB /* AppIncidenciasTests */ = {
			isa = PBXFileSystemSynchronizedRootGroup;
			path = AppIncidenciasTests;
			sourceTree = "<group>";
		};
		BC4C65932DE932840032F5DB /* AppIncidenciasUITests */ = {
			isa = PBXFileSystemSynchronizedRootGroup;
			path = AppIncidenciasUITests;
			sourceTree = "<group>";
		};
/* End PBXFileSystemSynchronizedRootGroup section */

/* Begin PBXFrameworksBuildPhase section */
		BC4C65732DE932820032F5DB /* Frameworks */ = {
			isa = PBXFrameworksBuildPhase;
			buildActionMask = 2147483647;
			files = (
			);
			runOnlyForDeploymentPostprocessing = 0;
		};
		BC4C65832DE932840032F5DB /* Frameworks */ = {
			isa = PBXFrameworksBuildPhase;
			buildActionMask = 2147483647;
			files = (
			);
			runOnlyForDeploymentPostprocessing = 0;
		};
		BC4C658D2DE932840032F5DB /* Frameworks */ = {
			isa = PBXFrameworksBuildPhase;
			buildActionMask = 2147483647;
			files = (
			);
			runOnlyForDeploymentPostprocessing = 0;
		};
/* End PBXFrameworksBuildPhase section */

/* Begin PBXGroup section */
		BC4C656D2DE932820032F5DB = {
			isa = PBXGroup;
			children = (
				BC4C65782DE932820032F5DB /* AppIncidencias */,
				BC4C65892DE932840032F5DB /* AppIncidenciasTests */,
				BC4C65932DE932840032F5DB /* AppIncidenciasUITests */,
				BC4C65772DE932820032F5DB /* Products */,
			);
			sourceTree = "<group>";
		};
		BC4C65772DE932820032F5DB /* Products */ = {
			isa = PBXGroup;
			children = (
				BC4C65762DE932820032F5DB /* AppIncidencias.app */,
				BC4C65862DE932840032F5DB /* AppIncidenciasTests.xctest */,
				BC4C65902DE932840032F5DB /* AppIncidenciasUITests.xctest */,
			);
			name = Products;
			sourceTree = "<group>";
		};
/* End PBXGroup section */

/* Begin PBXNativeTarget section */
		BC4C65752DE932820032F5DB /* AppIncidencias */ = {
			isa = PBXNativeTarget;
			buildConfigurationList = BC4C659A2DE932840032F5DB /* Build configuration list for PBXNativeTarget "AppIncidencias" */;
			buildPhases = (
				BC4C65722DE932820032F5DB /* Sources */,
				BC4C65732DE932820032F5DB /* Frameworks */,
				BC4C65742DE932820032F5DB /* Resources */,
			);
			buildRules = (
			);
			dependencies = (
			);
			fileSystemSynchronizedGroups = (
				BC4C65782DE932820032F5DB /* AppIncidencias */,
			);
			name = AppIncidencias;
			packageProductDependencies = (
			);
			productName = AppIncidencias;
			productReference = BC4C65762DE932820032F5DB /* AppIncidencias.app */;
			productType = "com.apple.product-type.application";
		};
		BC4C65852DE932840032F5DB /* AppIncidenciasTests */ = {
			isa = PBXNativeTarget;
			buildConfigurationList = BC4C659D2DE932840032F5DB /* Build configuration list for PBXNativeTarget "AppIncidenciasTests" */;
			buildPhases = (
				BC4C65822DE932840032F5DB /* Sources */,
				BC4C65832DE932840032F5DB /* Frameworks */,
				BC4C65842DE932840032F5DB /* Resources */,
			);
			buildRules = (
			);
			dependencies = (
				BC4C65882DE932840032F5DB /* PBXTargetDependency */,
			);
			fileSystemSynchronizedGroups = (
				BC4C65892DE932840032F5DB /* AppIncidenciasTests */,
			);
			name = AppIncidenciasTests;
			packageProductDependencies = (
			);
			productName = AppIncidenciasTests;
			productReference = BC4C65862DE932840032F5DB /* AppIncidenciasTests.xctest */;
			productType = "com.apple.product-type.bundle.unit-test";
		};
		BC4C658F2DE932840032F5DB /* AppIncidenciasUITests */ = {
			isa = PBXNativeTarget;
			buildConfigurationList = BC4C65A02DE932840032F5DB /* Build configuration list for PBXNativeTarget "AppIncidenciasUITests" */;
			buildPhases = (
				BC4C658C2DE932840032F5DB /* Sources */,
				BC4C658D2DE932840032F5DB /* Frameworks */,
				BC4C658E2DE932840032F5DB /* Resources */,
			);
			buildRules = (
			);
			dependencies = (
				BC4C65922DE932840032F5DB /* PBXTargetDependency */,
			);
			fileSystemSynchronizedGroups = (
				BC4C65932DE932840032F5DB /* AppIncidenciasUITests */,
			);
			name = AppIncidenciasUITests;
			packageProductDependencies = (
			);
			productName = AppIncidenciasUITests;
			productReference = BC4C65902DE932840032F5DB /* AppIncidenciasUITests.xctest */;
			productType = "com.apple.product-type.bundle.ui-testing";
		};
/* End PBXNativeTarget section */

/* Begin PBXProject section */
		BC4C656E2DE932820032F5DB /* Project object */ = {
			isa = PBXProject;
			attributes = {
				BuildIndependentTargetsInParallel = 1;
				LastSwiftUpdateCheck = 1620;
				LastUpgradeCheck = 1620;
				TargetAttributes = {
					BC4C65752DE932820032F5DB = {
						CreatedOnToolsVersion = 16.2;
					};
					BC4C65852DE932840032F5DB = {
						CreatedOnToolsVersion = 16.2;
						TestTargetID = BC4C65752DE932820032F5DB;
					};
					BC4C658F2DE932840032F5DB = {
						CreatedOnToolsVersion = 16.2;
						TestTargetID = BC4C65752DE932820032F5DB;
					};
				};
			};
			buildConfigurationList = BC4C65712DE932820032F5DB /* Build configuration list for PBXProject "AppIncidencias" */;
			developmentRegion = en;
			hasScannedForEncodings = 0;
			knownRegions = (
				en,
				Base,
			);
			mainGroup = BC4C656D2DE932820032F5DB;
			minimizedProjectReferenceProxies = 1;
			preferredProjectObjectVersion = 77;
			productRefGroup = BC4C65772DE932820032F5DB /* Products */;
			projectDirPath = "";
			projectRoot = "";
			targets = (
				BC4C65752DE932820032F5DB /* AppIncidencias */,
				BC4C65852DE932840032F5DB /* AppIncidenciasTests */,
				BC4C658F2DE932840032F5DB /* AppIncidenciasUITests */,
			);
		};
/* End PBXProject section */

/* Begin PBXResourcesBuildPhase section */
		BC4C65742DE932820032F5DB /* Resources */ = {
			isa = PBXResourcesBuildPhase;
			buildActionMask = 2147483647;
			files = (
			);
			runOnlyForDeploymentPostprocessing = 0;
		};
		BC4C65842DE932840032F5DB /* Resources */ = {
			isa = PBXResourcesBuildPhase;
			buildActionMask = 2147483647;
			files = (
			);
			runOnlyForDeploymentPostprocessing = 0;
		};
		BC4C658E2DE932840032F5DB /* Resources */ = {
			isa = PBXResourcesBuildPhase;
			buildActionMask = 2147483647;
			files = (
			);
			runOnlyForDeploymentPostprocessing = 0;
		};
/* End PBXResourcesBuildPhase section */

/* Begin PBXSourcesBuildPhase section */
		BC4C65722DE932820032F5DB /* Sources */ = {
			isa = PBXSourcesBuildPhase;
			buildActionMask = 2147483647;
			files = (
			);
			runOnlyForDeploymentPostprocessing = 0;
		};
		BC4C65822DE932840032F5DB /* Sources */ = {
			isa = PBXSourcesBuildPhase;
			buildActionMask = 2147483647;
			files = (
			);
			runOnlyForDeploymentPostprocessing = 0;
		};
		BC4C658C2DE932840032F5DB /* Sources */ = {
			isa = PBXSourcesBuildPhase;
			buildActionMask = 2147483647;
			files = (
			);
			runOnlyForDeploymentPostprocessing = 0;
		};
/* End PBXSourcesBuildPhase section */

/* Begin PBXTargetDependency section */
		BC4C65882DE932840032F5DB /* PBXTargetDependency */ = {
			isa = PBXTargetDependency;
			target = BC4C65752DE932820032F5DB /* AppIncidencias */;
			targetProxy = BC4C65872DE932840032F5DB /* PBXContainerItemProxy */;
		};
		BC4C65922DE932840032F5DB /* PBXTargetDependency */ = {
			isa = PBXTargetDependency;
			target = BC4C65752DE932820032F5DB /* AppIncidencias */;
			targetProxy = BC4C65912DE932840032F5DB /* PBXContainerItemProxy */;
		};
/* End PBXTargetDependency section */

/* Begin XCBuildConfiguration section */
		BC4C65982DE932840032F5DB /* Debug */ = {
			isa = XCBuildConfiguration;
			buildSettings = {
				ALWAYS_SEARCH_USER_PATHS = NO;
				ASSETCATALOG_COMPILER_GENERATE_SWIFT_ASSET_SYMBOL_EXTENSIONS = YES;
				CLANG_ANALYZER_NONNULL = YES;
				CLANG_ANALYZER_NUMBER_OBJECT_CONVERSION = YES_AGGRESSIVE;
				CLANG_CXX_LANGUAGE_STANDARD = "gnu++20";
				CLANG_ENABLE_MODULES = YES;
				CLANG_ENABLE_OBJC_ARC = YES;
				CLANG_ENABLE_OBJC_WEAK = YES;
				CLANG_WARN_BLOCK_CAPTURE_AUTORELEASING = YES;
				CLANG_WARN_BOOL_CONVERSION = YES;
				CLANG_WARN_COMMA = YES;
				CLANG_WARN_CONSTANT_CONVERSION = YES;
				CLANG_WARN_DEPRECATED_OBJC_IMPLEMENTATIONS = YES;
				CLANG_WARN_DIRECT_OBJC_ISA_USAGE = YES_ERROR;
				CLANG_WARN_DOCUMENTATION_COMMENTS = YES;
				CLANG_WARN_EMPTY_BODY = YES;
				CLANG_WARN_ENUM_CONVERSION = YES;
				CLANG_WARN_INFINITE_RECURSION = YES;
				CLANG_WARN_INT_CONVERSION = YES;
				CLANG_WARN_NON_LITERAL_NULL_CONVERSION = YES;
				CLANG_WARN_OBJC_IMPLICIT_RETAIN_SELF = YES;
				CLANG_WARN_OBJC_LITERAL_CONVERSION = YES;
				CLANG_WARN_OBJC_ROOT_CLASS = YES_ERROR;
				CLANG_WARN_QUOTED_INCLUDE_IN_FRAMEWORK_HEADER = YES;
				CLANG_WARN_RANGE_LOOP_ANALYSIS = YES;
				CLANG_WARN_STRICT_PROTOTYPES = YES;
				CLANG_WARN_SUSPICIOUS_MOVE = YES;
				CLANG_WARN_UNGUARDED_AVAILABILITY = YES_AGGRESSIVE;
				CLANG_WARN_UNREACHABLE_CODE = YES;
				CLANG_WARN__DUPLICATE_METHOD_MATCH = YES;
				COPY_PHASE_STRIP = NO;
				DEBUG_INFORMATION_FORMAT = dwarf;
				ENABLE_STRICT_OBJC_MSGSEND = YES;
				ENABLE_TESTABILITY = YES;
				ENABLE_USER_SCRIPT_SANDBOXING = YES;
				GCC_C_LANGUAGE_STANDARD = gnu17;
				GCC_DYNAMIC_NO_PIC = NO;
				GCC_NO_COMMON_BLOCKS = YES;
				GCC_OPTIMIZATION_LEVEL = 0;
				GCC_PREPROCESSOR_DEFINITIONS = (
					"DEBUG=1",
					"$(inherited)",
				);
				GCC_WARN_64_TO_32_BIT_CONVERSION = YES;
				GCC_WARN_ABOUT_RETURN_TYPE = YES_ERROR;
				GCC_WARN_UNDECLARED_SELECTOR = YES;
				GCC_WARN_UNINITIALIZED_AUTOS = YES_AGGRESSIVE;
				GCC_WARN_UNUSED_FUNCTION = YES;
				GCC_WARN_UNUSED_VARIABLE = YES;
				IPHONEOS_DEPLOYMENT_TARGET = 18.2;
				LOCALIZATION_PREFERS_STRING_CATALOGS = YES;
				MTL_ENABLE_DEBUG_INFO = INCLUDE_SOURCE;
				MTL_FAST_MATH = YES;
				ONLY_ACTIVE_ARCH = YES;
				SDKROOT = iphoneos;
				SWIFT_ACTIVE_COMPILATION_CONDITIONS = "DEBUG $(inherited)";
				SWIFT_OPTIMIZATION_LEVEL = "-Onone";
			};
			name = Debug;
		};
		BC4C65992DE932840032F5DB /* Release */ = {
			isa = XCBuildConfiguration;
			buildSettings = {
				ALWAYS_SEARCH_USER_PATHS = NO;
				ASSETCATALOG_COMPILER_GENERATE_SWIFT_ASSET_SYMBOL_EXTENSIONS = YES;
				CLANG_ANALYZER_NONNULL = YES;
				CLANG_ANALYZER_NUMBER_OBJECT_CONVERSION = YES_AGGRESSIVE;
				CLANG_CXX_LANGUAGE_STANDARD = "gnu++20";
				CLANG_ENABLE_MODULES = YES;
				CLANG_ENABLE_OBJC_ARC = YES;
				CLANG_ENABLE_OBJC_WEAK = YES;
				CLANG_WARN_BLOCK_CAPTURE_AUTORELEASING = YES;
				CLANG_WARN_BOOL_CONVERSION = YES;
				CLANG_WARN_COMMA = YES;
				CLANG_WARN_CONSTANT_CONVERSION = YES;
				CLANG_WARN_DEPRECATED_OBJC_IMPLEMENTATIONS = YES;
				CLANG_WARN_DIRECT_OBJC_ISA_USAGE = YES_ERROR;
				CLANG_WARN_DOCUMENTATION_COMMENTS = YES;
				CLANG_WARN_EMPTY_BODY = YES;
				CLANG_WARN_ENUM_CONVERSION = YES;
				CLANG_WARN_INFINITE_RECURSION = YES;
				CLANG_WARN_INT_CONVERSION = YES;
				CLANG_WARN_NON_LITERAL_NULL_CONVERSION = YES;
				CLANG_WARN_OBJC_IMPLICIT_RETAIN_SELF = YES;
				CLANG_WARN_OBJC_LITERAL_CONVERSION = YES;
				CLANG_WARN_OBJC_ROOT_CLASS = YES_ERROR;
				CLANG_WARN_QUOTED_INCLUDE_IN_FRAMEWORK_HEADER = YES;
				CLANG_WARN_RANGE_LOOP_ANALYSIS = YES;
				CLANG_WARN_STRICT_PROTOTYPES = YES;
				CLANG_WARN_SUSPICIOUS_MOVE = YES;
				CLANG_WARN_UNGUARDED_AVAILABILITY = YES_AGGRESSIVE;
				CLANG_WARN_UNREACHABLE_CODE = YES;
				CLANG_WARN__DUPLICATE_METHOD_MATCH = YES;
				COPY_PHASE_STRIP = NO;
				DEBUG_INFORMATION_FORMAT = "dwarf-with-dsym";
				ENABLE_NS_ASSERTIONS = NO;
				ENABLE_STRICT_OBJC_MSGSEND = YES;
				ENABLE_USER_SCRIPT_SANDBOXING = YES;
				GCC_C_LANGUAGE_STANDARD = gnu17;
				GCC_NO_COMMON_BLOCKS = YES;
				GCC_WARN_64_TO_32_BIT_CONVERSION = YES;
				GCC_WARN_ABOUT_RETURN_TYPE = YES_ERROR;
				GCC_WARN_UNDECLARED_SELECTOR = YES;
				GCC_WARN_UNINITIALIZED_AUTOS = YES_AGGRESSIVE;
				GCC_WARN_UNUSED_FUNCTION = YES;
				GCC_WARN_UNUSED_VARIABLE = YES;
				IPHONEOS_DEPLOYMENT_TARGET = 18.2;
				LOCALIZATION_PREFERS_STRING_CATALOGS = YES;
				MTL_ENABLE_DEBUG_INFO = NO;
				MTL_FAST_MATH = YES;
				SDKROOT = iphoneos;
				SWIFT_COMPILATION_MODE = wholemodule;
				VALIDATE_PRODUCT = YES;
			};
			name = Release;
		};
		BC4C659B2DE932840032F5DB /* Debug */ = {
			isa = XCBuildConfiguration;
			buildSettings = {
				ASSETCATALOG_COMPILER_APPICON_NAME = AppIcon;
				ASSETCATALOG_COMPILER_GLOBAL_ACCENT_COLOR_NAME = AccentColor;
				CODE_SIGN_STYLE = Automatic;
				CURRENT_PROJECT_VERSION = 1;
				DEVELOPMENT_ASSET_PATHS = "\"AppIncidencias/Preview Content\"";
				ENABLE_PREVIEWS = YES;
				GENERATE_INFOPLIST_FILE = YES;
				INFOPLIST_KEY_UIApplicationSceneManifest_Generation = YES;
				INFOPLIST_KEY_UIApplicationSupportsIndirectInputEvents = YES;
				INFOPLIST_KEY_UILaunchScreen_Generation = YES;
				INFOPLIST_KEY_UISupportedInterfaceOrientations_iPad = "UIInterfaceOrientationPortrait UIInterfaceOrientationPortraitUpsideDown UIInterfaceOrientationLandscapeLeft UIInterfaceOrientationLandscapeRight";
				INFOPLIST_KEY_UISupportedInterfaceOrientations_iPhone = "UIInterfaceOrientationPortrait UIInterfaceOrientationLandscapeLeft UIInterfaceOrientationLandscapeRight";
				IPHONEOS_DEPLOYMENT_TARGET = 18.0;
				LD_RUNPATH_SEARCH_PATHS = (
					"$(inherited)",
					"@executable_path/Frameworks",
				);
				MARKETING_VERSION = 1.0;
				PRODUCT_BUNDLE_IDENTIFIER = "com.nacho-AppIncidencias.AppIncidencias";
				PRODUCT_NAME = "$(TARGET_NAME)";
				SWIFT_EMIT_LOC_STRINGS = YES;
				SWIFT_VERSION = 5.0;
				TARGETED_DEVICE_FAMILY = "1,2";
			};
			name = Debug;
		};
		BC4C659C2DE932840032F5DB /* Release */ = {
			isa = XCBuildConfiguration;
			buildSettings = {
				ASSETCATALOG_COMPILER_APPICON_NAME = AppIcon;
				ASSETCATALOG_COMPILER_GLOBAL_ACCENT_COLOR_NAME = AccentColor;
				CODE_SIGN_STYLE = Automatic;
				CURRENT_PROJECT_VERSION = 1;
				DEVELOPMENT_ASSET_PATHS = "\"AppIncidencias/Preview Content\"";
				ENABLE_PREVIEWS = YES;
				GENERATE_INFOPLIST_FILE = YES;
				INFOPLIST_KEY_UIApplicationSceneManifest_Generation = YES;
				INFOPLIST_KEY_UIApplicationSupportsIndirectInputEvents = YES;
				INFOPLIST_KEY_UILaunchScreen_Generation = YES;
				INFOPLIST_KEY_UISupportedInterfaceOrientations_iPad = "UIInterfaceOrientationPortrait UIInterfaceOrientationPortraitUpsideDown UIInterfaceOrientationLandscapeLeft UIInterfaceOrientationLandscapeRight";
				INFOPLIST_KEY_UISupportedInterfaceOrientations_iPhone = "UIInterfaceOrientationPortrait UIInterfaceOrientationLandscapeLeft UIInterfaceOrientationLandscapeRight";
				IPHONEOS_DEPLOYMENT_TARGET = 18.0;
				LD_RUNPATH_SEARCH_PATHS = (
					"$(inherited)",
					"@executable_path/Frameworks",
				);
				MARKETING_VERSION = 1.0;
				PRODUCT_BUNDLE_IDENTIFIER = "com.nacho-AppIncidencias.AppIncidencias";
				PRODUCT_NAME = "$(TARGET_NAME)";
				SWIFT_EMIT_LOC_STRINGS = YES;
				SWIFT_VERSION = 5.0;
				TARGETED_DEVICE_FAMILY = "1,2";
			};
			name = Release;
		};
		BC4C659E2DE932840032F5DB /* Debug */ = {
			isa = XCBuildConfiguration;
			buildSettings = {
				BUNDLE_LOADER = "$(TEST_HOST)";
				CODE_SIGN_STYLE = Automatic;
				CURRENT_PROJECT_VERSION = 1;
				GENERATE_INFOPLIST_FILE = YES;
				IPHONEOS_DEPLOYMENT_TARGET = 18.2;
				MARKETING_VERSION = 1.0;
				PRODUCT_BUNDLE_IDENTIFIER = "com.nacho-AppIncidencias.AppIncidenciasTests";
				PRODUCT_NAME = "$(TARGET_NAME)";
				SWIFT_EMIT_LOC_STRINGS = NO;
				SWIFT_VERSION = 5.0;
				TARGETED_DEVICE_FAMILY = "1,2";
				TEST_HOST = "$(BUILT_PRODUCTS_DIR)/AppIncidencias.app/$(BUNDLE_EXECUTABLE_FOLDER_PATH)/AppIncidencias";
			};
			name = Debug;
		};
		BC4C659F2DE932840032F5DB /* Release */ = {
			isa = XCBuildConfiguration;
			buildSettings = {
				BUNDLE_LOADER = "$(TEST_HOST)";
				CODE_SIGN_STYLE = Automatic;
				CURRENT_PROJECT_VERSION = 1;
				GENERATE_INFOPLIST_FILE = YES;
				IPHONEOS_DEPLOYMENT_TARGET = 18.2;
				MARKETING_VERSION = 1.0;
				PRODUCT_BUNDLE_IDENTIFIER = "com.nacho-AppIncidencias.AppIncidenciasTests";
				PRODUCT_NAME = "$(TARGET_NAME)";
				SWIFT_EMIT_LOC_STRINGS = NO;
				SWIFT_VERSION = 5.0;
				TARGETED_DEVICE_FAMILY = "1,2";
				TEST_HOST = "$(BUILT_PRODUCTS_DIR)/AppIncidencias.app/$(BUNDLE_EXECUTABLE_FOLDER_PATH)/AppIncidencias";
			};
			name = Release;
		};
		BC4C65A12DE932840032F5DB /* Debug */ = {
			isa = XCBuildConfiguration;
			buildSettings = {
				CODE_SIGN_STYLE = Automatic;
				CURRENT_PROJECT_VERSION = 1;
				GENERATE_INFOPLIST_FILE = YES;
				MARKETING_VERSION = 1.0;
				PRODUCT_BUNDLE_IDENTIFIER = "com.nacho-AppIncidencias.AppIncidenciasUITests";
				PRODUCT_NAME = "$(TARGET_NAME)";
				SWIFT_EMIT_LOC_STRINGS = NO;
				SWIFT_VERSION = 5.0;
				TARGETED_DEVICE_FAMILY = "1,2";
				TEST_TARGET_NAME = AppIncidencias;
			};
			name = Debug;
		};
		BC4C65A22DE932840032F5DB /* Release */ = {
			isa = XCBuildConfiguration;
			buildSettings = {
				CODE_SIGN_STYLE = Automatic;
				CURRENT_PROJECT_VERSION = 1;
				GENERATE_INFOPLIST_FILE = YES;
				MARKETING_VERSION = 1.0;
				PRODUCT_BUNDLE_IDENTIFIER = "com.nacho-AppIncidencias.AppIncidenciasUITests";
				PRODUCT_NAME = "$(TARGET_NAME)";
				SWIFT_EMIT_LOC_STRINGS = NO;
				SWIFT_VERSION = 5.0;
				TARGETED_DEVICE_FAMILY = "1,2";
				TEST_TARGET_NAME = AppIncidencias;
			};
			name = Release;
		};
/* End XCBuildConfiguration section */

/* Begin XCConfigurationList section */
		BC4C65712DE932820032F5DB /* Build configuration list for PBXProject "AppIncidencias" */ = {
			isa = XCConfigurationList;
			buildConfigurations = (
				BC4C65982DE932840032F5DB /* Debug */,
				BC4C65992DE932840032F5DB /* Release */,
			);
			defaultConfigurationIsVisible = 0;
			defaultConfigurationName = Release;
		};
		BC4C659A2DE932840032F5DB /* Build configuration list for PBXNativeTarget "AppIncidencias" */ = {
			isa = XCConfigurationList;
			buildConfigurations = (
				BC4C659B2DE932840032F5DB /* Debug */,
				BC4C659C2DE932840032F5DB /* Release */,
			);
			defaultConfigurationIsVisible = 0;
			defaultConfigurationName = Release;
		};
		BC4C659D2DE932840032F5DB /* Build configuration list for PBXNativeTarget "AppIncidenciasTests" */ = {
			isa = XCConfigurationList;
			buildConfigurations = (
				BC4C659E2DE932840032F5DB /* Debug */,
				BC4C659F2DE932840032F5DB /* Release */,
			);
			defaultConfigurationIsVisible = 0;
			defaultConfigurationName = Release;
		};
		BC4C65A02DE932840032F5DB /* Build configuration list for PBXNativeTarget "AppIncidenciasUITests" */ = {
			isa = XCConfigurationList;
			buildConfigurations = (
				BC4C65A12DE932840032F5DB /* Debug */,
				BC4C65A22DE932840032F5DB /* Release */,
			);
			defaultConfigurationIsVisible = 0;
			defaultConfigurationName = Release;
		};
/* End XCConfigurationList section */
	};
	rootObject = BC4C656E2DE932820032F5DB /* Project object */;
}
